
Microsoft Visual Studio Solution File, Format Version 12.00
# Visual Studio Version 17
VisualStudioVersion = 17.11.35431.28
MinimumVisualStudioVersion = 10.0.40219.1
Project("{FAE04EC0-301F-11D3-BF4B-00C04F79EFBC}") = "файл4", "ДЗФайл4\файл4.csproj", "{7301DA60-48C4-4394-8E00-7E45FE993B4F}"
EndProject
Project("{FAE04EC0-301F-11D3-BF4B-00C04F79EFBC}") = "лаб4", "Файл\лаб4.csproj", "{C35B2504-205C-4B53-84D7-E4A0FB4B2663}"
EndProject
Global
	GlobalSection(SolutionConfigurationPlatforms) = preSolution
		Debug|Any CPU = Debug|Any CPU
		Release|Any CPU = Release|Any CPU
	EndGlobalSection
	GlobalSection(ProjectConfigurationPlatforms) = postSolution
		{7301DA60-48C4-4394-8E00-7E45FE993B4F}.Debug|Any CPU.ActiveCfg = Debug|Any CPU
		{7301DA60-48C4-4394-8E00-7E45FE993B4F}.Debug|Any CPU.Build.0 = Debug|Any CPU
		{7301DA60-48C4-4394-8E00-7E45FE993B4F}.Release|Any CPU.ActiveCfg = Release|Any CPU
		{7301DA60-48C4-4394-8E00-7E45FE993B4F}.Release|Any CPU.Build.0 = Release|Any CPU
		{C35B2504-205C-4B53-84D7-E4A0FB4B2663}.Debug|Any CPU.ActiveCfg = Debug|Any CPU
		{C35B2504-205C-4B53-84D7-E4A0FB4B2663}.Debug|Any CPU.Build.0 = Debug|Any CPU
		{C35B2504-205C-4B53-84D7-E4A0FB4B2663}.Release|Any CPU.ActiveCfg = Release|Any CPU
		{C35B2504-205C-4B53-84D7-E4A0FB4B2663}.Release|Any CPU.Build.0 = Release|Any CPU
	EndGlobalSection
	GlobalSection(SolutionProperties) = preSolution
		HideSolutionNode = FALSE
	EndGlobalSection
	GlobalSection(ExtensibilityGlobals) = postSolution
		SolutionGuid = {B731D1E6-8830-4C98-AE1F-D0AD4AB77353}
	EndGlobalSection
EndGlobal
